
Microsoft Visual Studio Solution File, Format Version 12.00
# Visual Studio Version 16
VisualStudioVersion = 16.0.31729.503
MinimumVisualStudioVersion = 10.0.40219.1
Project("{FAE04EC0-301F-11D3-BF4B-00C04F79EFBC}") = "webonline", "webonline\webonline.csproj", "{BCDAB95B-3481-4BCA-A700-843EDB40BD74}"
EndProject
Global
	GlobalSection(SolutionConfigurationPlatforms) = preSolution
		Debug|Any CPU = Debug|Any CPU
		Release|Any CPU = Release|Any CPU
	EndGlobalSection
	GlobalSection(ProjectConfigurationPlatforms) = postSolution
		{BCDAB95B-3481-4BCA-A700-843EDB40BD74}.Debug|Any CPU.ActiveCfg = Debug|Any CPU
		{BCDAB95B-3481-4BCA-A700-843EDB40BD74}.Debug|Any CPU.Build.0 = Debug|Any CPU
		{BCDAB95B-3481-4BCA-A700-843EDB40BD74}.Release|Any CPU.ActiveCfg = Release|Any CPU
		{BCDAB95B-3481-4BCA-A700-843EDB40BD74}.Release|Any CPU.Build.0 = Release|Any CPU
	EndGlobalSection
	GlobalSection(SolutionProperties) = preSolution
		HideSolutionNode = FALSE
	EndGlobalSection
	GlobalSection(ExtensibilityGlobals) = postSolution
		SolutionGuid = {F91DA89C-6DA7-424F-87BE-0E3C74B1139C}
	EndGlobalSection
EndGlobal
